// !$*UTF8*$!
{
	archiveVersion = 1;
	classes = {
	};
	objectVersion = 46;
	objects = {

/* Begin PBXBuildFile section */
		8125735A19ADF9320006C59E /* CSDataSourceBase.swift in Sources */ = {isa = PBXBuildFile; fileRef = 8125735919ADF9320006C59E /* CSDataSourceBase.swift */; };
		8125735B19ADF9320006C59E /* CSDataSourceBase.swift in Sources */ = {isa = PBXBuildFile; fileRef = 8125735919ADF9320006C59E /* CSDataSourceBase.swift */; };
		8133F1C4196FE86500D51900 /* CSDropboxLabelRepository.swift in Sources */ = {isa = PBXBuildFile; fileRef = 8133F1C3196FE86500D51900 /* CSDropboxLabelRepository.swift */; };
		8133F1C5196FE86500D51900 /* CSDropboxLabelRepository.swift in Sources */ = {isa = PBXBuildFile; fileRef = 8133F1C3196FE86500D51900 /* CSDropboxLabelRepository.swift */; };
		8133F1C7196FE8F800D51900 /* CSDropboxSpendingModelRepository.swift in Sources */ = {isa = PBXBuildFile; fileRef = 8133F1C6196FE8F800D51900 /* CSDropboxSpendingModelRepository.swift */; };
		8133F1C8196FE8F800D51900 /* CSDropboxSpendingModelRepository.swift in Sources */ = {isa = PBXBuildFile; fileRef = 8133F1C6196FE8F800D51900 /* CSDropboxSpendingModelRepository.swift */; };
		8133F1CA196FEF5300D51900 /* CSDropboxRepositoryFactory.swift in Sources */ = {isa = PBXBuildFile; fileRef = 8133F1C9196FEF5300D51900 /* CSDropboxRepositoryFactory.swift */; };
		8133F1CB196FEF5300D51900 /* CSDropboxRepositoryFactory.swift in Sources */ = {isa = PBXBuildFile; fileRef = 8133F1C9196FEF5300D51900 /* CSDropboxRepositoryFactory.swift */; };
		8133F1CD196FFB8900D51900 /* CSDropboxManager.swift in Sources */ = {isa = PBXBuildFile; fileRef = 8133F1CC196FFB8900D51900 /* CSDropboxManager.swift */; };
		8133F1CE196FFB8900D51900 /* CSDropboxManager.swift in Sources */ = {isa = PBXBuildFile; fileRef = 8133F1CC196FFB8900D51900 /* CSDropboxManager.swift */; };
		813E831D19643B6800D04FC3 /* CSLabelRepository.swift in Sources */ = {isa = PBXBuildFile; fileRef = 813E831C19643B6800D04FC3 /* CSLabelRepository.swift */; };
		813E831E19643B6800D04FC3 /* CSLabelRepository.swift in Sources */ = {isa = PBXBuildFile; fileRef = 813E831C19643B6800D04FC3 /* CSLabelRepository.swift */; };
		813E832019643B8900D04FC3 /* CSSpendingModelRepository.swift in Sources */ = {isa = PBXBuildFile; fileRef = 813E831F19643B8900D04FC3 /* CSSpendingModelRepository.swift */; };
		813E832119643B8900D04FC3 /* CSSpendingModelRepository.swift in Sources */ = {isa = PBXBuildFile; fileRef = 813E831F19643B8900D04FC3 /* CSSpendingModelRepository.swift */; };
		813E832319643F8300D04FC3 /* CSRepositoryFactory.swift in Sources */ = {isa = PBXBuildFile; fileRef = 813E832219643F8300D04FC3 /* CSRepositoryFactory.swift */; };
		813E832419643F8300D04FC3 /* CSRepositoryFactory.swift in Sources */ = {isa = PBXBuildFile; fileRef = 813E832219643F8300D04FC3 /* CSRepositoryFactory.swift */; };
		81560126197189CC00B6E51E /* CSDataManager.swift in Sources */ = {isa = PBXBuildFile; fileRef = 81560125197189CC00B6E51E /* CSDataManager.swift */; };
		81560127197189CC00B6E51E /* CSDataManager.swift in Sources */ = {isa = PBXBuildFile; fileRef = 81560125197189CC00B6E51E /* CSDataManager.swift */; };
		81B3AA75196434BC001582FC /* Settings.plist in Resources */ = {isa = PBXBuildFile; fileRef = 81B3AA74196434BC001582FC /* Settings.plist */; };
		81B3AA76196434BC001582FC /* Settings.plist in Resources */ = {isa = PBXBuildFile; fileRef = 81B3AA74196434BC001582FC /* Settings.plist */; };
		81B3AA7A19643586001582FC /* CSCategoryRepository.swift in Sources */ = {isa = PBXBuildFile; fileRef = 81B3AA7919643586001582FC /* CSCategoryRepository.swift */; };
		81B3AA7B19643586001582FC /* CSCategoryRepository.swift in Sources */ = {isa = PBXBuildFile; fileRef = 81B3AA7919643586001582FC /* CSCategoryRepository.swift */; };
		81D2C06C1962B6480098DB08 /* AppDelegate.swift in Sources */ = {isa = PBXBuildFile; fileRef = 81D2C06B1962B6480098DB08 /* AppDelegate.swift */; };
		81D2C06E1962B6480098DB08 /* Images.xcassets in Resources */ = {isa = PBXBuildFile; fileRef = 81D2C06D1962B6480098DB08 /* Images.xcassets */; };
		81D2C07A1962B6480098DB08 /* CashSplashTests.swift in Sources */ = {isa = PBXBuildFile; fileRef = 81D2C0791962B6480098DB08 /* CashSplashTests.swift */; };
		81D2C0851962B8C70098DB08 /* CSSpendingModel.swift in Sources */ = {isa = PBXBuildFile; fileRef = 81D2C0841962B8C70098DB08 /* CSSpendingModel.swift */; };
		81D2C0861962B8C70098DB08 /* CSSpendingModel.swift in Sources */ = {isa = PBXBuildFile; fileRef = 81D2C0841962B8C70098DB08 /* CSSpendingModel.swift */; };
		81D2C0891962BF840098DB08 /* CSSettingsManager.swift in Sources */ = {isa = PBXBuildFile; fileRef = 81D2C0881962BF840098DB08 /* CSSettingsManager.swift */; };
		81D2C08A1962BF840098DB08 /* CSSettingsManager.swift in Sources */ = {isa = PBXBuildFile; fileRef = 81D2C0881962BF840098DB08 /* CSSettingsManager.swift */; };
		81D8A834196AD4D70008AA99 /* CFNetwork.framework in Frameworks */ = {isa = PBXBuildFile; fileRef = 81D8A833196AD4D70008AA99 /* CFNetwork.framework */; };
		81D8A836196AD4DF0008AA99 /* Security.framework in Frameworks */ = {isa = PBXBuildFile; fileRef = 81D8A835196AD4DF0008AA99 /* Security.framework */; };
		81D8A838196AD4E80008AA99 /* SystemConfiguration.framework in Frameworks */ = {isa = PBXBuildFile; fileRef = 81D8A837196AD4E80008AA99 /* SystemConfiguration.framework */; };
		81D8A83A196AD4EF0008AA99 /* QuartzCore.framework in Frameworks */ = {isa = PBXBuildFile; fileRef = 81D8A839196AD4EF0008AA99 /* QuartzCore.framework */; };
		81D8A83C196AD4FC0008AA99 /* libc++.dylib in Frameworks */ = {isa = PBXBuildFile; fileRef = 81D8A83B196AD4FC0008AA99 /* libc++.dylib */; };
		81D8A83E196AD5050008AA99 /* libz.dylib in Frameworks */ = {isa = PBXBuildFile; fileRef = 81D8A83D196AD5050008AA99 /* libz.dylib */; };
		81D8A845196AD5F00008AA99 /* CSDropboxCategoryRepository.swift in Sources */ = {isa = PBXBuildFile; fileRef = 81D8A844196AD5F00008AA99 /* CSDropboxCategoryRepository.swift */; };
		81D8A846196AD5F00008AA99 /* CSDropboxCategoryRepository.swift in Sources */ = {isa = PBXBuildFile; fileRef = 81D8A844196AD5F00008AA99 /* CSDropboxCategoryRepository.swift */; };
		81D8A84D196ADA960008AA99 /* Dropbox.framework in Frameworks */ = {isa = PBXBuildFile; fileRef = 81D8A84C196ADA960008AA99 /* Dropbox.framework */; };
/* End PBXBuildFile section */

/* Begin PBXContainerItemProxy section */
		81D2C0741962B6480098DB08 /* PBXContainerItemProxy */ = {
			isa = PBXContainerItemProxy;
			containerPortal = 81D2C05E1962B6480098DB08 /* Project object */;
			proxyType = 1;
			remoteGlobalIDString = 81D2C0651962B6480098DB08;
			remoteInfo = CashSplash;
		};
/* End PBXContainerItemProxy section */

/* Begin PBXFileReference section */
		8125735919ADF9320006C59E /* CSDataSourceBase.swift */ = {isa = PBXFileReference; fileEncoding = 4; lastKnownFileType = sourcecode.swift; name = CSDataSourceBase.swift; path = Data/DataSource/CSDataSourceBase.swift; sourceTree = "<group>"; };
		8133F1C3196FE86500D51900 /* CSDropboxLabelRepository.swift */ = {isa = PBXFileReference; fileEncoding = 4; lastKnownFileType = sourcecode.swift; name = CSDropboxLabelRepository.swift; path = Data/Dropbox/CSDropboxLabelRepository.swift; sourceTree = "<group>"; };
		8133F1C6196FE8F800D51900 /* CSDropboxSpendingModelRepository.swift */ = {isa = PBXFileReference; fileEncoding = 4; lastKnownFileType = sourcecode.swift; name = CSDropboxSpendingModelRepository.swift; path = Data/Dropbox/CSDropboxSpendingModelRepository.swift; sourceTree = "<group>"; };
		8133F1C9196FEF5300D51900 /* CSDropboxRepositoryFactory.swift */ = {isa = PBXFileReference; fileEncoding = 4; lastKnownFileType = sourcecode.swift; name = CSDropboxRepositoryFactory.swift; path = Data/Dropbox/CSDropboxRepositoryFactory.swift; sourceTree = "<group>"; };
		8133F1CC196FFB8900D51900 /* CSDropboxManager.swift */ = {isa = PBXFileReference; fileEncoding = 4; lastKnownFileType = sourcecode.swift; name = CSDropboxManager.swift; path = Data/Dropbox/CSDropboxManager.swift; sourceTree = "<group>"; };
		813E831C19643B6800D04FC3 /* CSLabelRepository.swift */ = {isa = PBXFileReference; fileEncoding = 4; lastKnownFileType = sourcecode.swift; name = CSLabelRepository.swift; path = Data/Interface/CSLabelRepository.swift; sourceTree = "<group>"; };
		813E831F19643B8900D04FC3 /* CSSpendingModelRepository.swift */ = {isa = PBXFileReference; fileEncoding = 4; lastKnownFileType = sourcecode.swift; name = CSSpendingModelRepository.swift; path = Data/Interface/CSSpendingModelRepository.swift; sourceTree = "<group>"; };
		813E832219643F8300D04FC3 /* CSRepositoryFactory.swift */ = {isa = PBXFileReference; fileEncoding = 4; lastKnownFileType = sourcecode.swift; name = CSRepositoryFactory.swift; path = Data/Interface/CSRepositoryFactory.swift; sourceTree = "<group>"; };
		81560125197189CC00B6E51E /* CSDataManager.swift */ = {isa = PBXFileReference; fileEncoding = 4; lastKnownFileType = sourcecode.swift; name = CSDataManager.swift; path = Data/CSDataManager.swift; sourceTree = "<group>"; };
		81AEF71B19A337AB00A26B7E /* CashSplashTests-Bridging-Header.h */ = {isa = PBXFileReference; lastKnownFileType = sourcecode.c.h; path = "CashSplashTests-Bridging-Header.h"; sourceTree = "<group>"; };
		81B3AA74196434BC001582FC /* Settings.plist */ = {isa = PBXFileReference; fileEncoding = 4; lastKnownFileType = text.plist.xml; path = Settings.plist; sourceTree = "<group>"; };
		81B3AA7919643586001582FC /* CSCategoryRepository.swift */ = {isa = PBXFileReference; fileEncoding = 4; lastKnownFileType = sourcecode.swift; name = CSCategoryRepository.swift; path = Data/Interface/CSCategoryRepository.swift; sourceTree = "<group>"; };
		81D2C0661962B6480098DB08 /* CashSplash.app */ = {isa = PBXFileReference; explicitFileType = wrapper.application; includeInIndex = 0; path = CashSplash.app; sourceTree = BUILT_PRODUCTS_DIR; };
		81D2C06A1962B6480098DB08 /* Info.plist */ = {isa = PBXFileReference; lastKnownFileType = text.plist.xml; path = Info.plist; sourceTree = "<group>"; };
		81D2C06B1962B6480098DB08 /* AppDelegate.swift */ = {isa = PBXFileReference; lastKnownFileType = sourcecode.swift; path = AppDelegate.swift; sourceTree = "<group>"; };
		81D2C06D1962B6480098DB08 /* Images.xcassets */ = {isa = PBXFileReference; lastKnownFileType = folder.assetcatalog; path = Images.xcassets; sourceTree = "<group>"; };
		81D2C0731962B6480098DB08 /* CashSplashTests.xctest */ = {isa = PBXFileReference; explicitFileType = wrapper.cfbundle; includeInIndex = 0; path = CashSplashTests.xctest; sourceTree = BUILT_PRODUCTS_DIR; };
		81D2C0781962B6480098DB08 /* Info.plist */ = {isa = PBXFileReference; lastKnownFileType = text.plist.xml; path = Info.plist; sourceTree = "<group>"; };
		81D2C0791962B6480098DB08 /* CashSplashTests.swift */ = {isa = PBXFileReference; lastKnownFileType = sourcecode.swift; path = CashSplashTests.swift; sourceTree = "<group>"; };
		81D2C0841962B8C70098DB08 /* CSSpendingModel.swift */ = {isa = PBXFileReference; fileEncoding = 4; lastKnownFileType = sourcecode.swift; name = CSSpendingModel.swift; path = Model/CSSpendingModel.swift; sourceTree = "<group>"; };
		81D2C0881962BF840098DB08 /* CSSettingsManager.swift */ = {isa = PBXFileReference; fileEncoding = 4; lastKnownFileType = sourcecode.swift; name = CSSettingsManager.swift; path = Util/CSSettingsManager.swift; sourceTree = "<group>"; };
		81D8A833196AD4D70008AA99 /* CFNetwork.framework */ = {isa = PBXFileReference; lastKnownFileType = wrapper.framework; name = CFNetwork.framework; path = System/Library/Frameworks/CFNetwork.framework; sourceTree = SDKROOT; };
		81D8A835196AD4DF0008AA99 /* Security.framework */ = {isa = PBXFileReference; lastKnownFileType = wrapper.framework; name = Security.framework; path = System/Library/Frameworks/Security.framework; sourceTree = SDKROOT; };
		81D8A837196AD4E80008AA99 /* SystemConfiguration.framework */ = {isa = PBXFileReference; lastKnownFileType = wrapper.framework; name = SystemConfiguration.framework; path = System/Library/Frameworks/SystemConfiguration.framework; sourceTree = SDKROOT; };
		81D8A839196AD4EF0008AA99 /* QuartzCore.framework */ = {isa = PBXFileReference; lastKnownFileType = wrapper.framework; name = QuartzCore.framework; path = System/Library/Frameworks/QuartzCore.framework; sourceTree = SDKROOT; };
		81D8A83B196AD4FC0008AA99 /* libc++.dylib */ = {isa = PBXFileReference; lastKnownFileType = "compiled.mach-o.dylib"; name = "libc++.dylib"; path = "usr/lib/libc++.dylib"; sourceTree = SDKROOT; };
		81D8A83D196AD5050008AA99 /* libz.dylib */ = {isa = PBXFileReference; lastKnownFileType = "compiled.mach-o.dylib"; name = libz.dylib; path = usr/lib/libz.dylib; sourceTree = SDKROOT; };
		81D8A844196AD5F00008AA99 /* CSDropboxCategoryRepository.swift */ = {isa = PBXFileReference; fileEncoding = 4; lastKnownFileType = sourcecode.swift; name = CSDropboxCategoryRepository.swift; path = Data/Dropbox/CSDropboxCategoryRepository.swift; sourceTree = "<group>"; };
		81D8A847196AD82C0008AA99 /* CashSplash-Bridging-Header.h */ = {isa = PBXFileReference; lastKnownFileType = sourcecode.c.h; path = "CashSplash-Bridging-Header.h"; sourceTree = "<group>"; };
		81D8A84C196ADA960008AA99 /* Dropbox.framework */ = {isa = PBXFileReference; lastKnownFileType = wrapper.framework; path = Dropbox.framework; sourceTree = "<group>"; };
/* End PBXFileReference section */

/* Begin PBXFrameworksBuildPhase section */
		81D2C0631962B6480098DB08 /* Frameworks */ = {
			isa = PBXFrameworksBuildPhase;
			buildActionMask = 2147483647;
			files = (
				81D8A84D196ADA960008AA99 /* Dropbox.framework in Frameworks */,
				81D8A83E196AD5050008AA99 /* libz.dylib in Frameworks */,
				81D8A83C196AD4FC0008AA99 /* libc++.dylib in Frameworks */,
				81D8A83A196AD4EF0008AA99 /* QuartzCore.framework in Frameworks */,
				81D8A838196AD4E80008AA99 /* SystemConfiguration.framework in Frameworks */,
				81D8A836196AD4DF0008AA99 /* Security.framework in Frameworks */,
				81D8A834196AD4D70008AA99 /* CFNetwork.framework in Frameworks */,
			);
			runOnlyForDeploymentPostprocessing = 0;
		};
		81D2C0701962B6480098DB08 /* Frameworks */ = {
			isa = PBXFrameworksBuildPhase;
			buildActionMask = 2147483647;
			files = (
			);
			runOnlyForDeploymentPostprocessing = 0;
		};
/* End PBXFrameworksBuildPhase section */

/* Begin PBXGroup section */
		8125735519ADF8D80006C59E /* DataSource */ = {
			isa = PBXGroup;
			children = (
				8125735919ADF9320006C59E /* CSDataSourceBase.swift */,
			);
			name = DataSource;
			sourceTree = "<group>";
		};
		81B3AA771964355A001582FC /* Data */ = {
			isa = PBXGroup;
			children = (
				8125735519ADF8D80006C59E /* DataSource */,
				81D8A843196AD5CB0008AA99 /* Dropbox */,
				81B3AA7819643563001582FC /* Interface */,
				81560125197189CC00B6E51E /* CSDataManager.swift */,
			);
			name = Data;
			sourceTree = "<group>";
		};
		81B3AA7819643563001582FC /* Interface */ = {
			isa = PBXGroup;
			children = (
				81B3AA7919643586001582FC /* CSCategoryRepository.swift */,
				813E831C19643B6800D04FC3 /* CSLabelRepository.swift */,
				813E832219643F8300D04FC3 /* CSRepositoryFactory.swift */,
				813E831F19643B8900D04FC3 /* CSSpendingModelRepository.swift */,
			);
			name = Interface;
			sourceTree = "<group>";
		};
		81D2C05D1962B6480098DB08 = {
			isa = PBXGroup;
			children = (
				81D2C0681962B6480098DB08 /* CashSplash */,
				81D2C0761962B6480098DB08 /* CashSplashTests */,
				81D8A83F196AD5100008AA99 /* Frameworks */,
				81D2C0671962B6480098DB08 /* Products */,
			);
			sourceTree = "<group>";
		};
		81D2C0671962B6480098DB08 /* Products */ = {
			isa = PBXGroup;
			children = (
				81D2C0661962B6480098DB08 /* CashSplash.app */,
				81D2C0731962B6480098DB08 /* CashSplashTests.xctest */,
			);
			name = Products;
			sourceTree = "<group>";
		};
		81D2C0681962B6480098DB08 /* CashSplash */ = {
			isa = PBXGroup;
			children = (
				81B3AA771964355A001582FC /* Data */,
				81D2C0831962B89D0098DB08 /* Model */,
				81D2C0871962BF6E0098DB08 /* Util */,
				81D2C06B1962B6480098DB08 /* AppDelegate.swift */,
				81D2C06D1962B6480098DB08 /* Images.xcassets */,
				81D2C0691962B6480098DB08 /* Supporting Files */,
				81D8A847196AD82C0008AA99 /* CashSplash-Bridging-Header.h */,
			);
			path = CashSplash;
			sourceTree = "<group>";
		};
		81D2C0691962B6480098DB08 /* Supporting Files */ = {
			isa = PBXGroup;
			children = (
				81D2C06A1962B6480098DB08 /* Info.plist */,
				81B3AA74196434BC001582FC /* Settings.plist */,
			);
			name = "Supporting Files";
			sourceTree = "<group>";
		};
		81D2C0761962B6480098DB08 /* CashSplashTests */ = {
			isa = PBXGroup;
			children = (
				81D2C0791962B6480098DB08 /* CashSplashTests.swift */,
				81D2C0771962B6480098DB08 /* Supporting Files */,
				81AEF71B19A337AB00A26B7E /* CashSplashTests-Bridging-Header.h */,
			);
			path = CashSplashTests;
			sourceTree = "<group>";
		};
		81D2C0771962B6480098DB08 /* Supporting Files */ = {
			isa = PBXGroup;
			children = (
				81D2C0781962B6480098DB08 /* Info.plist */,
			);
			name = "Supporting Files";
			sourceTree = "<group>";
		};
		81D2C0831962B89D0098DB08 /* Model */ = {
			isa = PBXGroup;
			children = (
				81D2C0841962B8C70098DB08 /* CSSpendingModel.swift */,
			);
			name = Model;
			sourceTree = "<group>";
		};
		81D2C0871962BF6E0098DB08 /* Util */ = {
			isa = PBXGroup;
			children = (
				81D2C0881962BF840098DB08 /* CSSettingsManager.swift */,
			);
			name = Util;
			sourceTree = "<group>";
		};
		81D8A83F196AD5100008AA99 /* Frameworks */ = {
			isa = PBXGroup;
			children = (
				81D8A833196AD4D70008AA99 /* CFNetwork.framework */,
				81D8A84C196ADA960008AA99 /* Dropbox.framework */,
				81D8A83B196AD4FC0008AA99 /* libc++.dylib */,
				81D8A83D196AD5050008AA99 /* libz.dylib */,
				81D8A839196AD4EF0008AA99 /* QuartzCore.framework */,
				81D8A835196AD4DF0008AA99 /* Security.framework */,
				81D8A837196AD4E80008AA99 /* SystemConfiguration.framework */,
			);
			name = Frameworks;
			sourceTree = "<group>";
		};
		81D8A843196AD5CB0008AA99 /* Dropbox */ = {
			isa = PBXGroup;
			children = (
				81D8A844196AD5F00008AA99 /* CSDropboxCategoryRepository.swift */,
				8133F1C3196FE86500D51900 /* CSDropboxLabelRepository.swift */,
				8133F1CC196FFB8900D51900 /* CSDropboxManager.swift */,
				8133F1C9196FEF5300D51900 /* CSDropboxRepositoryFactory.swift */,
				8133F1C6196FE8F800D51900 /* CSDropboxSpendingModelRepository.swift */,
			);
			name = Dropbox;
			sourceTree = "<group>";
		};
/* End PBXGroup section */

/* Begin PBXNativeTarget section */
		81D2C0651962B6480098DB08 /* CashSplash */ = {
			isa = PBXNativeTarget;
			buildConfigurationList = 81D2C07D1962B6480098DB08 /* Build configuration list for PBXNativeTarget "CashSplash" */;
			buildPhases = (
				81D2C0621962B6480098DB08 /* Sources */,
				81D2C0631962B6480098DB08 /* Frameworks */,
				81D2C0641962B6480098DB08 /* Resources */,
			);
			buildRules = (
			);
			dependencies = (
			);
			name = CashSplash;
			productName = CashSplash;
			productReference = 81D2C0661962B6480098DB08 /* CashSplash.app */;
			productType = "com.apple.product-type.application";
		};
		81D2C0721962B6480098DB08 /* CashSplashTests */ = {
			isa = PBXNativeTarget;
			buildConfigurationList = 81D2C0801962B6480098DB08 /* Build configuration list for PBXNativeTarget "CashSplashTests" */;
			buildPhases = (
				81D2C06F1962B6480098DB08 /* Sources */,
				81D2C0701962B6480098DB08 /* Frameworks */,
				81D2C0711962B6480098DB08 /* Resources */,
			);
			buildRules = (
			);
			dependencies = (
				81D2C0751962B6480098DB08 /* PBXTargetDependency */,
			);
			name = CashSplashTests;
			productName = CashSplashTests;
			productReference = 81D2C0731962B6480098DB08 /* CashSplashTests.xctest */;
			productType = "com.apple.product-type.bundle.unit-test";
		};
/* End PBXNativeTarget section */

/* Begin PBXProject section */
		81D2C05E1962B6480098DB08 /* Project object */ = {
			isa = PBXProject;
			attributes = {
				LastUpgradeCheck = 0600;
				ORGANIZATIONNAME = "Ivan Fabijanovic";
				TargetAttributes = {
					81D2C0651962B6480098DB08 = {
						CreatedOnToolsVersion = 6.0;
						DevelopmentTeam = EV533W4H92;
					};
					81D2C0721962B6480098DB08 = {
						CreatedOnToolsVersion = 6.0;
						TestTargetID = 81D2C0651962B6480098DB08;
					};
				};
			};
			buildConfigurationList = 81D2C0611962B6480098DB08 /* Build configuration list for PBXProject "CashSplash" */;
			compatibilityVersion = "Xcode 3.2";
			developmentRegion = English;
			hasScannedForEncodings = 0;
			knownRegions = (
				en,
			);
			mainGroup = 81D2C05D1962B6480098DB08;
			productRefGroup = 81D2C0671962B6480098DB08 /* Products */;
			projectDirPath = "";
			projectRoot = "";
			targets = (
				81D2C0651962B6480098DB08 /* CashSplash */,
				81D2C0721962B6480098DB08 /* CashSplashTests */,
			);
		};
/* End PBXProject section */

/* Begin PBXResourcesBuildPhase section */
		81D2C0641962B6480098DB08 /* Resources */ = {
			isa = PBXResourcesBuildPhase;
			buildActionMask = 2147483647;
			files = (
				81D2C06E1962B6480098DB08 /* Images.xcassets in Resources */,
				81B3AA75196434BC001582FC /* Settings.plist in Resources */,
			);
			runOnlyForDeploymentPostprocessing = 0;
		};
		81D2C0711962B6480098DB08 /* Resources */ = {
			isa = PBXResourcesBuildPhase;
			buildActionMask = 2147483647;
			files = (
				81B3AA76196434BC001582FC /* Settings.plist in Resources */,
			);
			runOnlyForDeploymentPostprocessing = 0;
		};
/* End PBXResourcesBuildPhase section */

/* Begin PBXSourcesBuildPhase section */
		81D2C0621962B6480098DB08 /* Sources */ = {
			isa = PBXSourcesBuildPhase;
			buildActionMask = 2147483647;
			files = (
				81D2C06C1962B6480098DB08 /* AppDelegate.swift in Sources */,
				81560126197189CC00B6E51E /* CSDataManager.swift in Sources */,
				81B3AA7A19643586001582FC /* CSCategoryRepository.swift in Sources */,
				813E832319643F8300D04FC3 /* CSRepositoryFactory.swift in Sources */,
				81D8A845196AD5F00008AA99 /* CSDropboxCategoryRepository.swift in Sources */,
				8133F1C7196FE8F800D51900 /* CSDropboxSpendingModelRepository.swift in Sources */,
				813E832019643B8900D04FC3 /* CSSpendingModelRepository.swift in Sources */,
				81D2C0851962B8C70098DB08 /* CSSpendingModel.swift in Sources */,
				8133F1CD196FFB8900D51900 /* CSDropboxManager.swift in Sources */,
				813E831D19643B6800D04FC3 /* CSLabelRepository.swift in Sources */,
				81D2C0891962BF840098DB08 /* CSSettingsManager.swift in Sources */,
				8125735A19ADF9320006C59E /* CSDataSourceBase.swift in Sources */,
				8133F1CA196FEF5300D51900 /* CSDropboxRepositoryFactory.swift in Sources */,
				8133F1C4196FE86500D51900 /* CSDropboxLabelRepository.swift in Sources */,
			);
			runOnlyForDeploymentPostprocessing = 0;
		};
		81D2C06F1962B6480098DB08 /* Sources */ = {
			isa = PBXSourcesBuildPhase;
			buildActionMask = 2147483647;
			files = (
				81D2C07A1962B6480098DB08 /* CashSplashTests.swift in Sources */,
				81560127197189CC00B6E51E /* CSDataManager.swift in Sources */,
				81B3AA7B19643586001582FC /* CSCategoryRepository.swift in Sources */,
				813E832419643F8300D04FC3 /* CSRepositoryFactory.swift in Sources */,
				81D8A846196AD5F00008AA99 /* CSDropboxCategoryRepository.swift in Sources */,
				8133F1C8196FE8F800D51900 /* CSDropboxSpendingModelRepository.swift in Sources */,
				813E832119643B8900D04FC3 /* CSSpendingModelRepository.swift in Sources */,
				81D2C0861962B8C70098DB08 /* CSSpendingModel.swift in Sources */,
				8133F1CE196FFB8900D51900 /* CSDropboxManager.swift in Sources */,
				813E831E19643B6800D04FC3 /* CSLabelRepository.swift in Sources */,
				81D2C08A1962BF840098DB08 /* CSSettingsManager.swift in Sources */,
				8125735B19ADF9320006C59E /* CSDataSourceBase.swift in Sources */,
				8133F1CB196FEF5300D51900 /* CSDropboxRepositoryFactory.swift in Sources */,
				8133F1C5196FE86500D51900 /* CSDropboxLabelRepository.swift in Sources */,
			);
			runOnlyForDeploymentPostprocessing = 0;
		};
/* End PBXSourcesBuildPhase section */

/* Begin PBXTargetDependency section */
		81D2C0751962B6480098DB08 /* PBXTargetDependency */ = {
			isa = PBXTargetDependency;
			target = 81D2C0651962B6480098DB08 /* CashSplash */;
			targetProxy = 81D2C0741962B6480098DB08 /* PBXContainerItemProxy */;
		};
/* End PBXTargetDependency section */

/* Begin XCBuildConfiguration section */
		81D2C07B1962B6480098DB08 /* Debug */ = {
			isa = XCBuildConfiguration;
			buildSettings = {
				ALWAYS_SEARCH_USER_PATHS = NO;
				CLANG_CXX_LANGUAGE_STANDARD = "gnu++0x";
				CLANG_CXX_LIBRARY = "libc++";
				CLANG_ENABLE_MODULES = YES;
				CLANG_ENABLE_OBJC_ARC = YES;
				CLANG_WARN_BOOL_CONVERSION = YES;
				CLANG_WARN_CONSTANT_CONVERSION = YES;
				CLANG_WARN_DIRECT_OBJC_ISA_USAGE = YES_ERROR;
				CLANG_WARN_EMPTY_BODY = YES;
				CLANG_WARN_ENUM_CONVERSION = YES;
				CLANG_WARN_INT_CONVERSION = YES;
				CLANG_WARN_OBJC_ROOT_CLASS = YES_ERROR;
				CLANG_WARN_UNREACHABLE_CODE = YES;
				CLANG_WARN__DUPLICATE_METHOD_MATCH = YES;
				"CODE_SIGN_IDENTITY[sdk=iphoneos*]" = "iPhone Developer";
				COPY_PHASE_STRIP = NO;
				ENABLE_STRICT_OBJC_MSGSEND = YES;
				GCC_C_LANGUAGE_STANDARD = gnu99;
				GCC_DYNAMIC_NO_PIC = NO;
				GCC_OPTIMIZATION_LEVEL = 0;
				GCC_PREPROCESSOR_DEFINITIONS = (
					"DEBUG=1",
					"$(inherited)",
				);
				GCC_SYMBOLS_PRIVATE_EXTERN = NO;
				GCC_WARN_64_TO_32_BIT_CONVERSION = YES;
				GCC_WARN_ABOUT_RETURN_TYPE = YES_ERROR;
				GCC_WARN_UNDECLARED_SELECTOR = YES;
				GCC_WARN_UNINITIALIZED_AUTOS = YES_AGGRESSIVE;
				GCC_WARN_UNUSED_FUNCTION = YES;
				GCC_WARN_UNUSED_VARIABLE = YES;
				IPHONEOS_DEPLOYMENT_TARGET = 8.0;
				METAL_ENABLE_DEBUG_INFO = YES;
				ONLY_ACTIVE_ARCH = YES;
				SDKROOT = iphoneos;
				SWIFT_OPTIMIZATION_LEVEL = "-Onone";
				TARGETED_DEVICE_FAMILY = "1,2";
			};
			name = Debug;
		};
		81D2C07C1962B6480098DB08 /* Release */ = {
			isa = XCBuildConfiguration;
			buildSettings = {
				ALWAYS_SEARCH_USER_PATHS = NO;
				CLANG_CXX_LANGUAGE_STANDARD = "gnu++0x";
				CLANG_CXX_LIBRARY = "libc++";
				CLANG_ENABLE_MODULES = YES;
				CLANG_ENABLE_OBJC_ARC = YES;
				CLANG_WARN_BOOL_CONVERSION = YES;
				CLANG_WARN_CONSTANT_CONVERSION = YES;
				CLANG_WARN_DIRECT_OBJC_ISA_USAGE = YES_ERROR;
				CLANG_WARN_EMPTY_BODY = YES;
				CLANG_WARN_ENUM_CONVERSION = YES;
				CLANG_WARN_INT_CONVERSION = YES;
				CLANG_WARN_OBJC_ROOT_CLASS = YES_ERROR;
				CLANG_WARN_UNREACHABLE_CODE = YES;
				CLANG_WARN__DUPLICATE_METHOD_MATCH = YES;
				"CODE_SIGN_IDENTITY[sdk=iphoneos*]" = "iPhone Developer";
				COPY_PHASE_STRIP = YES;
				ENABLE_NS_ASSERTIONS = NO;
				ENABLE_STRICT_OBJC_MSGSEND = YES;
				GCC_C_LANGUAGE_STANDARD = gnu99;
				GCC_WARN_64_TO_32_BIT_CONVERSION = YES;
				GCC_WARN_ABOUT_RETURN_TYPE = YES_ERROR;
				GCC_WARN_UNDECLARED_SELECTOR = YES;
				GCC_WARN_UNINITIALIZED_AUTOS = YES_AGGRESSIVE;
				GCC_WARN_UNUSED_FUNCTION = YES;
				GCC_WARN_UNUSED_VARIABLE = YES;
				IPHONEOS_DEPLOYMENT_TARGET = 8.0;
				METAL_ENABLE_DEBUG_INFO = NO;
				SDKROOT = iphoneos;
				TARGETED_DEVICE_FAMILY = "1,2";
				VALIDATE_PRODUCT = YES;
			};
			name = Release;
		};
		81D2C07E1962B6480098DB08 /* Debug */ = {
			isa = XCBuildConfiguration;
			buildSettings = {
				ASSETCATALOG_COMPILER_APPICON_NAME = AppIcon;
				ASSETCATALOG_COMPILER_LAUNCHIMAGE_NAME = LaunchImage;
				CODE_SIGN_IDENTITY = "iPhone Developer";
				FRAMEWORK_SEARCH_PATHS = (
					"$(inherited)",
					"$(PROJECT_DIR)",
				);
				INFOPLIST_FILE = CashSplash/Info.plist;
				LD_RUNPATH_SEARCH_PATHS = "$(inherited) @executable_path/Frameworks";
				PRODUCT_NAME = "$(TARGET_NAME)";
				SWIFT_OBJC_BRIDGING_HEADER = "CashSplash/CashSplash-Bridging-Header.h";
			};
			name = Debug;
		};
		81D2C07F1962B6480098DB08 /* Release */ = {
			isa = XCBuildConfiguration;
			buildSettings = {
				ASSETCATALOG_COMPILER_APPICON_NAME = AppIcon;
				ASSETCATALOG_COMPILER_LAUNCHIMAGE_NAME = LaunchImage;
				CODE_SIGN_IDENTITY = "iPhone Developer";
				FRAMEWORK_SEARCH_PATHS = (
					"$(inherited)",
					"$(PROJECT_DIR)",
				);
				INFOPLIST_FILE = CashSplash/Info.plist;
				LD_RUNPATH_SEARCH_PATHS = "$(inherited) @executable_path/Frameworks";
				PRODUCT_NAME = "$(TARGET_NAME)";
				SWIFT_OBJC_BRIDGING_HEADER = "CashSplash/CashSplash-Bridging-Header.h";
			};
			name = Release;
		};
		81D2C0811962B6480098DB08 /* Debug */ = {
			isa = XCBuildConfiguration;
			buildSettings = {
				BUNDLE_LOADER = "$(BUILT_PRODUCTS_DIR)/CashSplash.app/CashSplash";
				FRAMEWORK_SEARCH_PATHS = (
					"$(SDKROOT)/Developer/Library/Frameworks",
					"$(inherited)",
					"$(PROJECT_DIR)",
				);
				GCC_PREPROCESSOR_DEFINITIONS = (
					"DEBUG=1",
					"$(inherited)",
				);
				INFOPLIST_FILE = CashSplashTests/Info.plist;
				LD_RUNPATH_SEARCH_PATHS = "$(inherited) @executable_path/Frameworks @loader_path/Frameworks";
				METAL_ENABLE_DEBUG_INFO = YES;
				PRODUCT_NAME = "$(TARGET_NAME)";
				SWIFT_OBJC_BRIDGING_HEADER = "CashSplashTests/CashSplashTests-Bridging-Header.h";
				TEST_HOST = "$(BUNDLE_LOADER)";
			};
			name = Debug;
		};
		81D2C0821962B6480098DB08 /* Release */ = {
			isa = XCBuildConfiguration;
			buildSettings = {
				BUNDLE_LOADER = "$(BUILT_PRODUCTS_DIR)/CashSplash.app/CashSplash";
				FRAMEWORK_SEARCH_PATHS = (
					"$(SDKROOT)/Developer/Library/Frameworks",
					"$(inherited)",
					"$(PROJECT_DIR)",
				);
				INFOPLIST_FILE = CashSplashTests/Info.plist;
				LD_RUNPATH_SEARCH_PATHS = "$(inherited) @executable_path/Frameworks @loader_path/Frameworks";
				METAL_ENABLE_DEBUG_INFO = NO;
				PRODUCT_NAME = "$(TARGET_NAME)";
				SWIFT_OBJC_BRIDGING_HEADER = "CashSplashTests/CashSplashTests-Bridging-Header.h";
				TEST_HOST = "$(BUNDLE_LOADER)";
			};
			name = Release;
		};
/* End XCBuildConfiguration section */

/* Begin XCConfigurationList section */
		81D2C0611962B6480098DB08 /* Build configuration list for PBXProject "CashSplash" */ = {
			isa = XCConfigurationList;
			buildConfigurations = (
				81D2C07B1962B6480098DB08 /* Debug */,
				81D2C07C1962B6480098DB08 /* Release */,
			);
			defaultConfigurationIsVisible = 0;
			defaultConfigurationName = Release;
		};
		81D2C07D1962B6480098DB08 /* Build configuration list for PBXNativeTarget "CashSplash" */ = {
			isa = XCConfigurationList;
			buildConfigurations = (
				81D2C07E1962B6480098DB08 /* Debug */,
				81D2C07F1962B6480098DB08 /* Release */,
			);
			defaultConfigurationIsVisible = 0;
			defaultConfigurationName = Release;
		};
		81D2C0801962B6480098DB08 /* Build configuration list for PBXNativeTarget "CashSplashTests" */ = {
			isa = XCConfigurationList;
			buildConfigurations = (
				81D2C0811962B6480098DB08 /* Debug */,
				81D2C0821962B6480098DB08 /* Release */,
			);
			defaultConfigurationIsVisible = 0;
			defaultConfigurationName = Release;
		};
/* End XCConfigurationList section */
	};
	rootObject = 81D2C05E1962B6480098DB08 /* Project object */;
}
